
Microsoft Visual Studio Solution File, Format Version 12.00
# Visual Studio Version 17
VisualStudioVersion = 17.0.31903.59
MinimumVisualStudioVersion = 10.0.40219.1
Project("{FAE04EC0-301F-11D3-BF4B-00C04F79EFBC}") = "CodeWorker", "CodeWorker\CodeWorker.csproj", "{CE2968B0-9ED9-4D19-B199-BBCBDB583D8B}"
EndProject
Project("{FAE04EC0-301F-11D3-BF4B-00C04F79EFBC}") = "CodeWorker.Tests", "CodeWorker.Tests\CodeWorker.Tests.csproj", "{5375A345-5CA9-4B37-B6CB-80E0047EF212}"
EndProject
Project("{FAE04EC0-301F-11D3-BF4B-00C04F79EFBC}") = "CodeWorker.Cli", "CodeWorker.Cli\CodeWorker.Cli.csproj", "{8FD02451-4BAF-4BB0-A2B4-32520537E7B7}"
EndProject
Project("{FAE04EC0-301F-11D3-BF4B-00C04F79EFBC}") = "CodeWorker.Cli.Tests", "CodeWorker.Cli.Tests\CodeWorker.Cli.Tests.csproj", "{D5445755-7B9E-4841-A4C2-FF0B3063E231}"
EndProject
Project("{FAE04EC0-301F-11D3-BF4B-00C04F79EFBC}") = "CodeWorker.Cli.EndToEnd.Tests", "CodeWorker.Cli.EndToEnd.Tests\CodeWorker.Cli.EndToEnd.Tests.csproj", "{7B1BEB7E-3965-4C09-9F45-2F154AAA5E8E}"
EndProject
Global
	GlobalSection(SolutionConfigurationPlatforms) = preSolution
		Debug|Any CPU = Debug|Any CPU
		Debug|x64 = Debug|x64
		Debug|x86 = Debug|x86
		Release|Any CPU = Release|Any CPU
		Release|x64 = Release|x64
		Release|x86 = Release|x86
	EndGlobalSection
	GlobalSection(ProjectConfigurationPlatforms) = postSolution
		{CE2968B0-9ED9-4D19-B199-BBCBDB583D8B}.Debug|Any CPU.ActiveCfg = Debug|Any CPU
		{CE2968B0-9ED9-4D19-B199-BBCBDB583D8B}.Debug|Any CPU.Build.0 = Debug|Any CPU
		{CE2968B0-9ED9-4D19-B199-BBCBDB583D8B}.Debug|x64.ActiveCfg = Debug|Any CPU
		{CE2968B0-9ED9-4D19-B199-BBCBDB583D8B}.Debug|x64.Build.0 = Debug|Any CPU
		{CE2968B0-9ED9-4D19-B199-BBCBDB583D8B}.Debug|x86.ActiveCfg = Debug|Any CPU
		{CE2968B0-9ED9-4D19-B199-BBCBDB583D8B}.Debug|x86.Build.0 = Debug|Any CPU
		{CE2968B0-9ED9-4D19-B199-BBCBDB583D8B}.Release|Any CPU.ActiveCfg = Release|Any CPU
		{CE2968B0-9ED9-4D19-B199-BBCBDB583D8B}.Release|Any CPU.Build.0 = Release|Any CPU
		{CE2968B0-9ED9-4D19-B199-BBCBDB583D8B}.Release|x64.ActiveCfg = Release|Any CPU
		{CE2968B0-9ED9-4D19-B199-BBCBDB583D8B}.Release|x64.Build.0 = Release|Any CPU
		{CE2968B0-9ED9-4D19-B199-BBCBDB583D8B}.Release|x86.ActiveCfg = Release|Any CPU
		{CE2968B0-9ED9-4D19-B199-BBCBDB583D8B}.Release|x86.Build.0 = Release|Any CPU
		{5375A345-5CA9-4B37-B6CB-80E0047EF212}.Debug|Any CPU.ActiveCfg = Debug|Any CPU
		{5375A345-5CA9-4B37-B6CB-80E0047EF212}.Debug|Any CPU.Build.0 = Debug|Any CPU
		{5375A345-5CA9-4B37-B6CB-80E0047EF212}.Debug|x64.ActiveCfg = Debug|Any CPU
		{5375A345-5CA9-4B37-B6CB-80E0047EF212}.Debug|x64.Build.0 = Debug|Any CPU
		{5375A345-5CA9-4B37-B6CB-80E0047EF212}.Debug|x86.ActiveCfg = Debug|Any CPU
		{5375A345-5CA9-4B37-B6CB-80E0047EF212}.Debug|x86.Build.0 = Debug|Any CPU
		{5375A345-5CA9-4B37-B6CB-80E0047EF212}.Release|Any CPU.ActiveCfg = Release|Any CPU
		{5375A345-5CA9-4B37-B6CB-80E0047EF212}.Release|Any CPU.Build.0 = Release|Any CPU
		{5375A345-5CA9-4B37-B6CB-80E0047EF212}.Release|x64.ActiveCfg = Release|Any CPU
		{5375A345-5CA9-4B37-B6CB-80E0047EF212}.Release|x64.Build.0 = Release|Any CPU
		{5375A345-5CA9-4B37-B6CB-80E0047EF212}.Release|x86.ActiveCfg = Release|Any CPU
		{5375A345-5CA9-4B37-B6CB-80E0047EF212}.Release|x86.Build.0 = Release|Any CPU
		{8FD02451-4BAF-4BB0-A2B4-32520537E7B7}.Debug|Any CPU.ActiveCfg = Debug|Any CPU
		{8FD02451-4BAF-4BB0-A2B4-32520537E7B7}.Debug|Any CPU.Build.0 = Debug|Any CPU
		{8FD02451-4BAF-4BB0-A2B4-32520537E7B7}.Debug|x64.ActiveCfg = Debug|Any CPU
		{8FD02451-4BAF-4BB0-A2B4-32520537E7B7}.Debug|x64.Build.0 = Debug|Any CPU
		{8FD02451-4BAF-4BB0-A2B4-32520537E7B7}.Debug|x86.ActiveCfg = Debug|Any CPU
		{8FD02451-4BAF-4BB0-A2B4-32520537E7B7}.Debug|x86.Build.0 = Debug|Any CPU
		{8FD02451-4BAF-4BB0-A2B4-32520537E7B7}.Release|Any CPU.ActiveCfg = Release|Any CPU
		{8FD02451-4BAF-4BB0-A2B4-32520537E7B7}.Release|Any CPU.Build.0 = Release|Any CPU
		{8FD02451-4BAF-4BB0-A2B4-32520537E7B7}.Release|x64.ActiveCfg = Release|Any CPU
		{8FD02451-4BAF-4BB0-A2B4-32520537E7B7}.Release|x64.Build.0 = Release|Any CPU
		{8FD02451-4BAF-4BB0-A2B4-32520537E7B7}.Release|x86.ActiveCfg = Release|Any CPU
		{8FD02451-4BAF-4BB0-A2B4-32520537E7B7}.Release|x86.Build.0 = Release|Any CPU
		{D5445755-7B9E-4841-A4C2-FF0B3063E231}.Debug|Any CPU.ActiveCfg = Debug|Any CPU
		{D5445755-7B9E-4841-A4C2-FF0B3063E231}.Debug|Any CPU.Build.0 = Debug|Any CPU
		{D5445755-7B9E-4841-A4C2-FF0B3063E231}.Debug|x64.ActiveCfg = Debug|Any CPU
		{D5445755-7B9E-4841-A4C2-FF0B3063E231}.Debug|x64.Build.0 = Debug|Any CPU
		{D5445755-7B9E-4841-A4C2-FF0B3063E231}.Debug|x86.ActiveCfg = Debug|Any CPU
		{D5445755-7B9E-4841-A4C2-FF0B3063E231}.Debug|x86.Build.0 = Debug|Any CPU
		{D5445755-7B9E-4841-A4C2-FF0B3063E231}.Release|Any CPU.ActiveCfg = Release|Any CPU
		{D5445755-7B9E-4841-A4C2-FF0B3063E231}.Release|Any CPU.Build.0 = Release|Any CPU
		{D5445755-7B9E-4841-A4C2-FF0B3063E231}.Release|x64.ActiveCfg = Release|Any CPU
		{D5445755-7B9E-4841-A4C2-FF0B3063E231}.Release|x64.Build.0 = Release|Any CPU
		{D5445755-7B9E-4841-A4C2-FF0B3063E231}.Release|x86.ActiveCfg = Release|Any CPU
		{D5445755-7B9E-4841-A4C2-FF0B3063E231}.Release|x86.Build.0 = Release|Any CPU
		{7B1BEB7E-3965-4C09-9F45-2F154AAA5E8E}.Debug|Any CPU.ActiveCfg = Debug|Any CPU
		{7B1BEB7E-3965-4C09-9F45-2F154AAA5E8E}.Debug|Any CPU.Build.0 = Debug|Any CPU
		{7B1BEB7E-3965-4C09-9F45-2F154AAA5E8E}.Debug|x64.ActiveCfg = Debug|Any CPU
		{7B1BEB7E-3965-4C09-9F45-2F154AAA5E8E}.Debug|x64.Build.0 = Debug|Any CPU
		{7B1BEB7E-3965-4C09-9F45-2F154AAA5E8E}.Debug|x86.ActiveCfg = Debug|Any CPU
		{7B1BEB7E-3965-4C09-9F45-2F154AAA5E8E}.Debug|x86.Build.0 = Debug|Any CPU
		{7B1BEB7E-3965-4C09-9F45-2F154AAA5E8E}.Release|Any CPU.ActiveCfg = Release|Any CPU
		{7B1BEB7E-3965-4C09-9F45-2F154AAA5E8E}.Release|Any CPU.Build.0 = Release|Any CPU
		{7B1BEB7E-3965-4C09-9F45-2F154AAA5E8E}.Release|x64.ActiveCfg = Release|Any CPU
		{7B1BEB7E-3965-4C09-9F45-2F154AAA5E8E}.Release|x64.Build.0 = Release|Any CPU
		{7B1BEB7E-3965-4C09-9F45-2F154AAA5E8E}.Release|x86.ActiveCfg = Release|Any CPU
		{7B1BEB7E-3965-4C09-9F45-2F154AAA5E8E}.Release|x86.Build.0 = Release|Any CPU
	EndGlobalSection
	GlobalSection(SolutionProperties) = preSolution
		HideSolutionNode = FALSE
	EndGlobalSection
EndGlobal
